
Microsoft Visual Studio Solution File, Format Version 12.00
# Visual Studio Version 16
VisualStudioVersion = 16.0.30717.126
MinimumVisualStudioVersion = 10.0.40219.1
Project("{8BC9CEB8-8B4A-11D0-8D11-00A0C91BC942}") = "Calculator", "Calculator.vcxproj", "{5521785E-3AC3-46B2-B792-E41552A17A92}"
EndProject
Global
	GlobalSection(SolutionConfigurationPlatforms) = preSolution
		Debug|x64 = Debug|x64
		Debug|x86 = Debug|x86
		Release|x64 = Release|x64
		Release|x86 = Release|x86
	EndGlobalSection
	GlobalSection(ProjectConfigurationPlatforms) = postSolution
		{5521785E-3AC3-46B2-B792-E41552A17A92}.Debug|x64.ActiveCfg = Debug|x64
		{5521785E-3AC3-46B2-B792-E41552A17A92}.Debug|x64.Build.0 = Debug|x64
		{5521785E-3AC3-46B2-B792-E41552A17A92}.Debug|x86.ActiveCfg = Debug|Win32
		{5521785E-3AC3-46B2-B792-E41552A17A92}.Debug|x86.Build.0 = Debug|Win32
		{5521785E-3AC3-46B2-B792-E41552A17A92}.Release|x64.ActiveCfg = Release|x64
		{5521785E-3AC3-46B2-B792-E41552A17A92}.Release|x64.Build.0 = Release|x64
		{5521785E-3AC3-46B2-B792-E41552A17A92}.Release|x86.ActiveCfg = Release|Win32
		{5521785E-3AC3-46B2-B792-E41552A17A92}.Release|x86.Build.0 = Release|Win32
	EndGlobalSection
	GlobalSection(SolutionProperties) = preSolution
		HideSolutionNode = FALSE
	EndGlobalSection
	GlobalSection(ExtensibilityGlobals) = postSolution
		SolutionGuid = {A50B7DD7-E329-41B4-9B39-20D5F20FB130}
	EndGlobalSection
EndGlobal
